Microsoft Visual Studio Solution File, Format Version 12.00
# Visual Studio Version 17
VisualStudioVersion = 17.5.2.0
MinimumVisualStudioVersion = 10.0.40219.1
Project("{FAE04EC0-301F-11D3-BF4B-00C04F79EFBC}") = "Proyecto.restaurante.sajosa", "Proyecto.restaurante.sajosa.csproj", "{F0B397E3-1783-8CA2-FAD6-5496EDC66650}"
EndProject
Global
	GlobalSection(SolutionConfigurationPlatforms) = preSolution
		Debug|Any CPU = Debug|Any CPU
		Release|Any CPU = Release|Any CPU
	EndGlobalSection
	GlobalSection(ProjectConfigurationPlatforms) = postSolution
		{F0B397E3-1783-8CA2-FAD6-5496EDC66650}.Debug|Any CPU.ActiveCfg = Debug|Any CPU
		{F0B397E3-1783-8CA2-FAD6-5496EDC66650}.Debug|Any CPU.Build.0 = Debug|Any CPU
		{F0B397E3-1783-8CA2-FAD6-5496EDC66650}.Release|Any CPU.ActiveCfg = Release|Any CPU
		{F0B397E3-1783-8CA2-FAD6-5496EDC66650}.Release|Any CPU.Build.0 = Release|Any CPU
	EndGlobalSection
	GlobalSection(SolutionProperties) = preSolution
		HideSolutionNode = FALSE
	EndGlobalSection
	GlobalSection(ExtensibilityGlobals) = postSolution
		SolutionGuid = {8458CEA3-1FE8-4A26-82F1-4BC0B095DDD5}
	EndGlobalSection
EndGlobal
